
Microsoft Visual Studio Solution File, Format Version 12.00
# Visual Studio Version 16
VisualStudioVersion = 16.0.30907.101
MinimumVisualStudioVersion = 10.0.40219.1
Project("{9A19103F-16F7-4668-BE54-9A1E7A4F7556}") = "AsciiVid", "AsciiVid\AsciiVid.csproj", "{BD8EB4A1-60AA-4CDF-9541-0EFF034CF519}"
EndProject
Project("{9A19103F-16F7-4668-BE54-9A1E7A4F7556}") = "AsciiVid.Tests", "AsciiVid.Tests\AsciiVid.Tests.csproj", "{E4A61BC2-20C1-4F19-BE0C-60E82F72C618}"
EndProject
Project("{9A19103F-16F7-4668-BE54-9A1E7A4F7556}") = "Asciivid.Convert2Ascii", "Asciivid.Convert2Ascii\Asciivid.Convert2Ascii.csproj", "{D7E80DF0-2BE2-446C-95FF-607BA7546B1D}"
EndProject
Project("{9A19103F-16F7-4668-BE54-9A1E7A4F7556}") = "AsciiVid.Render", "AsciiVid.Render\AsciiVid.Render.csproj", "{E0BBDF42-8B2F-4AAD-AFCE-18D78A8A9F82}"
EndProject
Project("{FAE04EC0-301F-11D3-BF4B-00C04F79EFBC}") = "AsciiVid.Fluent", "AsciiVid.Fluent\AsciiVid.Fluent.csproj", "{1AAB5BEF-943E-4DF7-93B2-6D2B53B6D516}"
EndProject
Global
	GlobalSection(SolutionConfigurationPlatforms) = preSolution
		Debug|Any CPU = Debug|Any CPU
		Release|Any CPU = Release|Any CPU
	EndGlobalSection
	GlobalSection(ProjectConfigurationPlatforms) = postSolution
		{BD8EB4A1-60AA-4CDF-9541-0EFF034CF519}.Debug|Any CPU.ActiveCfg = Debug|Any CPU
		{BD8EB4A1-60AA-4CDF-9541-0EFF034CF519}.Debug|Any CPU.Build.0 = Debug|Any CPU
		{BD8EB4A1-60AA-4CDF-9541-0EFF034CF519}.Release|Any CPU.ActiveCfg = Release|Any CPU
		{BD8EB4A1-60AA-4CDF-9541-0EFF034CF519}.Release|Any CPU.Build.0 = Release|Any CPU
		{E4A61BC2-20C1-4F19-BE0C-60E82F72C618}.Debug|Any CPU.ActiveCfg = Debug|Any CPU
		{E4A61BC2-20C1-4F19-BE0C-60E82F72C618}.Debug|Any CPU.Build.0 = Debug|Any CPU
		{E4A61BC2-20C1-4F19-BE0C-60E82F72C618}.Release|Any CPU.ActiveCfg = Release|Any CPU
		{E4A61BC2-20C1-4F19-BE0C-60E82F72C618}.Release|Any CPU.Build.0 = Release|Any CPU
		{D7E80DF0-2BE2-446C-95FF-607BA7546B1D}.Debug|Any CPU.ActiveCfg = Debug|Any CPU
		{D7E80DF0-2BE2-446C-95FF-607BA7546B1D}.Debug|Any CPU.Build.0 = Debug|Any CPU
		{D7E80DF0-2BE2-446C-95FF-607BA7546B1D}.Release|Any CPU.ActiveCfg = Release|Any CPU
		{D7E80DF0-2BE2-446C-95FF-607BA7546B1D}.Release|Any CPU.Build.0 = Release|Any CPU
		{E0BBDF42-8B2F-4AAD-AFCE-18D78A8A9F82}.Debug|Any CPU.ActiveCfg = Debug|Any CPU
		{E0BBDF42-8B2F-4AAD-AFCE-18D78A8A9F82}.Debug|Any CPU.Build.0 = Debug|Any CPU
		{E0BBDF42-8B2F-4AAD-AFCE-18D78A8A9F82}.Release|Any CPU.ActiveCfg = Release|Any CPU
		{E0BBDF42-8B2F-4AAD-AFCE-18D78A8A9F82}.Release|Any CPU.Build.0 = Release|Any CPU
		{1AAB5BEF-943E-4DF7-93B2-6D2B53B6D516}.Debug|Any CPU.ActiveCfg = Debug|Any CPU
		{1AAB5BEF-943E-4DF7-93B2-6D2B53B6D516}.Debug|Any CPU.Build.0 = Debug|Any CPU
		{1AAB5BEF-943E-4DF7-93B2-6D2B53B6D516}.Release|Any CPU.ActiveCfg = Release|Any CPU
		{1AAB5BEF-943E-4DF7-93B2-6D2B53B6D516}.Release|Any CPU.Build.0 = Release|Any CPU
	EndGlobalSection
	GlobalSection(SolutionProperties) = preSolution
		HideSolutionNode = FALSE
	EndGlobalSection
	GlobalSection(ExtensibilityGlobals) = postSolution
		SolutionGuid = {3510A73D-641D-4F84-8768-F0540AC62653}
	EndGlobalSection
EndGlobal
